
Microsoft Visual Studio Solution File, Format Version 12.00
# Visual Studio Version 17
VisualStudioVersion = 17.4.33213.308
MinimumVisualStudioVersion = 10.0.40219.1
Project("{8BC9CEB8-8B4A-11D0-8D11-00A0C91BC942}") = "Car", "Car.vcxproj", "{992493DD-423E-4D34-B1DE-68D7C03852AA}"
EndProject
Project("{8BC9CEB8-8B4A-11D0-8D11-00A0C91BC942}") = "Thread", "..\Thread\Thread.vcxproj", "{D829B9AE-C82A-4FD3-8959-341238076377}"
EndProject
Global
	GlobalSection(SolutionConfigurationPlatforms) = preSolution
		Debug|x64 = Debug|x64
		Debug|x86 = Debug|x86
		Release|x64 = Release|x64
		Release|x86 = Release|x86
	EndGlobalSection
	GlobalSection(ProjectConfigurationPlatforms) = postSolution
		{992493DD-423E-4D34-B1DE-68D7C03852AA}.Debug|x64.ActiveCfg = Debug|x64
		{992493DD-423E-4D34-B1DE-68D7C03852AA}.Debug|x64.Build.0 = Debug|x64
		{992493DD-423E-4D34-B1DE-68D7C03852AA}.Debug|x86.ActiveCfg = Debug|Win32
		{992493DD-423E-4D34-B1DE-68D7C03852AA}.Debug|x86.Build.0 = Debug|Win32
		{992493DD-423E-4D34-B1DE-68D7C03852AA}.Release|x64.ActiveCfg = Release|x64
		{992493DD-423E-4D34-B1DE-68D7C03852AA}.Release|x64.Build.0 = Release|x64
		{992493DD-423E-4D34-B1DE-68D7C03852AA}.Release|x86.ActiveCfg = Release|Win32
		{992493DD-423E-4D34-B1DE-68D7C03852AA}.Release|x86.Build.0 = Release|Win32
		{D829B9AE-C82A-4FD3-8959-341238076377}.Debug|x64.ActiveCfg = Debug|x64
		{D829B9AE-C82A-4FD3-8959-341238076377}.Debug|x64.Build.0 = Debug|x64
		{D829B9AE-C82A-4FD3-8959-341238076377}.Debug|x86.ActiveCfg = Debug|Win32
		{D829B9AE-C82A-4FD3-8959-341238076377}.Debug|x86.Build.0 = Debug|Win32
		{D829B9AE-C82A-4FD3-8959-341238076377}.Release|x64.ActiveCfg = Release|x64
		{D829B9AE-C82A-4FD3-8959-341238076377}.Release|x64.Build.0 = Release|x64
		{D829B9AE-C82A-4FD3-8959-341238076377}.Release|x86.ActiveCfg = Release|Win32
		{D829B9AE-C82A-4FD3-8959-341238076377}.Release|x86.Build.0 = Release|Win32
	EndGlobalSection
	GlobalSection(SolutionProperties) = preSolution
		HideSolutionNode = FALSE
	EndGlobalSection
	GlobalSection(ExtensibilityGlobals) = postSolution
		SolutionGuid = {17A076B1-6FFC-4700-A9E6-295166A6BF39}
	EndGlobalSection
EndGlobal
